PODS:
  - Alamofire (5.0.0-rc.3)
  - Kingfisher (5.12.0):
    - Kingfisher/Core (= 5.12.0)
  - Kingfisher/Core (5.12.0)
  - MBProgressHUD (1.2.0)

DEPENDENCIES:
  - Alamofire (~> 5.0.0-rc.3)
  - Kingfisher (~> 5.0)
  - MBProgressHUD (~> 1.2.0)

SPEC REPOS:
  trunk:
    - Alamofire
    - Kingfisher
    - MBProgressHUD

SPEC CHECKSUMS:
  Alamofire: ca8c0de6906873be89d6deec5c8de279e00bf872
  Kingfisher: dc6e0f53bb5b12c3e75bedb0e01bbd7a640eea69
  MBProgressHUD: 3ee5efcc380f6a79a7cc9b363dd669c5e1ae7406

PODFILE CHECKSUM: 7ff3b89c67d9bb18f6babc75385d6333d01b6ecd

COCOAPODS: 1.8.4
